{
  "lockfileVersion": 2,
  "configVersion": 1,
  "workspaces": {
    "": {
      "name": "@di-craft/benchmarks",
      "devDependencies": {
        "@types/bun": "1.4.2",
        "awilix": "13.0.5",
        "di-craft": "file:../packages/di-craft",
        "inversify": "8.2.3",
        "reflect-metadata": "0.2.2",
        "tinybench": "2.9.0",
        "tsyringe": "4.10.0",
        "typed-inject": "5.0.0",
        "typedi": "0.10.0",
        "typescript": "6.0.3",
      },
    },
  },
  "packages": {
    "@andrewbranch/untar.js": ["@andrewbranch/untar.js@1.0.4", "", {}, "sha512-pVXSwPsLuw8IGLo2Di0EaOfsk+ntVvpkk942J/sHYIkwvtKUakEcPh7HBgZ6tuimgzKSEHgCvO4XgQ05DEbwDw=="],

    "@arethetypeswrong/core": ["@arethetypeswrong/core@0.18.5", "", { "dependencies": { "@andrewbranch/untar.js": "^1.0.3", "@loaderkit/resolve": "^1.0.2", "cjs-module-lexer": "^1.2.3", "fflate": "^0.8.3", "lru-cache": "^11.0.1", "semver": "^7.5.4", "typescript": "5.6.1-rc", "validate-npm-package-name": "^5.0.0" } }, "sha512-9ytjzGwxjm9Uz7I9avfbt5vlQt6uk9uRRESzJjqrznl6WKvI6dwYTo+vJ3U02Wrq/mR3iql/PzhvHhKdJIAjDQ=="],

    "@braidai/lang": ["@braidai/lang@1.1.2", "", {}, "sha512-qBcknbBufNHlui137Hft8xauQMTZDKdophmLFv05r2eNmdIv/MlPuP4TdUknHG68UdWLgVZwgxVe735HzJNIwA=="],

    "@inversifyjs/common": ["@inversifyjs/common@2.0.1", "", {}, "sha512-pJAR4IAcT2jkYfZ9bD9XhtUDBLJRr8QOiSjb+2XyaHru6DLvu0VD2Id2iP7+tVRKkEe3XFUwDUEdKxcYlF699Q=="],

    "@inversifyjs/container": ["@inversifyjs/container@3.1.3", "", { "dependencies": { "@inversifyjs/common": "2.0.1", "@inversifyjs/core": "15.0.1", "@inversifyjs/plugin": "0.3.1", "@inversifyjs/reflect-metadata-utils": "1.5.0" }, "peerDependencies": { "reflect-metadata": "~0.2.2" } }, "sha512-+CZLXKzU5uwDbkY1WamY1Gnbtz0sNl62cqfd1vvI13Ei8Fe29sCwgfyEWMOzYcJhs2y2wBmYGANPDH5yq4VdTg=="],

    "@inversifyjs/core": ["@inversifyjs/core@15.0.1", "", { "dependencies": { "@inversifyjs/common": "2.0.1", "@inversifyjs/prototype-utils": "0.2.1", "@inversifyjs/reflect-metadata-utils": "1.5.0" } }, "sha512-4C/hLEdYo3xG0Ez61kTP3nikINmCQz1O3OHU7dfbi9UC6Of5Qly2CLd0OSoZd6M8fumk51A0tuBxPIqs28CpNg=="],

    "@inversifyjs/plugin": ["@inversifyjs/plugin@0.3.1", "", {}, "sha512-ByklTw731fydBCTMwMpkmwm+lv0U+JWm9NEqRsz3n5KzAC5Om2XtLjqzEC2w+8Ote3gVC3Qxsx6YmG9XLIZpvg=="],

    "@inversifyjs/prototype-utils": ["@inversifyjs/prototype-utils@0.2.1", "", { "dependencies": { "@inversifyjs/common": "2.0.1" } }, "sha512-53cVE3cw+RxnSkGlg+jOFNSox2owJF9Fv3HgFKe4f+4aPullscltIiio88QRkx2Sc5yo3VlqPsXQFGw2CVJZnw=="],

    "@inversifyjs/reflect-metadata-utils": ["@inversifyjs/reflect-metadata-utils@1.5.0", "", { "peerDependencies": { "reflect-metadata": "~0.2.2" } }, "sha512-NpJVbRbuQ6Ao2vO+aw96un3oHDFCwXI0+pplsFt0Jh0gyR8DWk4m7ml/GBNMjdbeKVW/QgJ2S6NGXjk042uwqg=="],

    "@loaderkit/resolve": ["@loaderkit/resolve@1.0.6", "", { "dependencies": { "@braidai/lang": "^1.0.0" } }, "sha512-G8FdIoF5CypfwmD9rl8BXod5HDn8JqB0CCNBXDTaRZ+yRYhARrrSToX1zg1zy9jX3zLqigsELwhT4gNtkdQAUg=="],

    "@nodelib/fs.scandir": ["@nodelib/fs.scandir@2.1.5", "", { "dependencies": { "@nodelib/fs.stat": "2.0.5", "run-parallel": "^1.1.9" } }, "sha512-vq24Bq3ym5HEQm2NKCr3yXDwjc7vTsEThRDnkp2DK9p1uqLR+DHurm/NOTo0KG7HYHU7eppKZj3MyqYuMBf62g=="],

    "@nodelib/fs.stat": ["@nodelib/fs.stat@2.0.5", "", {}, "sha512-RkhPPp2zrqDAQA/2jNhnztcPAlv64XdhIp7a7454A5ovI7Bukxgt7MX7udwAu3zg1DcpPU0rz3VV1SeaqvY4+A=="],

    "@nodelib/fs.walk": ["@nodelib/fs.walk@1.2.8", "", { "dependencies": { "@nodelib/fs.scandir": "2.1.5", "fastq": "^1.6.0" } }, "sha512-oGB+UxlgWcgQkgwo8GcEGwemoTFt3FIO9ababBmaGwXIoBKZ+GTy0pP185beGg7Llih/NSHSV2XAs1lnznocSg=="],

    "@oxc-project/types": ["@oxc-project/types@0.149.0", "", {}, "sha512-Efcc+iF0j3Bf67YjEqIqWXbX5XddXoK/Mw4K1/JuXwRCZ8N16VR7iT23nlCc9XrveFVh/E5Rqs2StT0V8v9LdA=="],

    "@publint/pack": ["@publint/pack@0.1.7", "", { "dependencies": { "tinyexec": "^1.3.0" } }, "sha512-4EDEmvxWtgsCnnVeBvtFIFZtUhPPt1+bA9JrSwU4Sa//6oKtzCSlGGXYJr44OD9aGISymbieJ4mCKHUygUDU+g=="],

    "@quansync/fs": ["@quansync/fs@1.0.0", "", { "dependencies": { "quansync": "^1.0.0" } }, "sha512-4TJ3DFtlf1L5LDMaM6CanJ/0lckGNtJcMjQ1NAV6zDmA0tEHKZtxNKin8EgPaVX1YzljbxckyT2tJrpQKAtngQ=="],

    "@rolldown/binding-android-arm-eabi": ["@rolldown/binding-android-arm-eabi@1.2.8", "", { "os": "android", "cpu": "arm" }, "sha512-tN5aztYkKCte4i5SIrrz5yK/HMjEuCqCSCJa418jOV8tZ1cBY3YF2otxB1ktPxzsLA1BeTqwapK0bfjxNvHJVw=="],

    "@rolldown/binding-android-arm64": ["@rolldown/binding-android-arm64@1.2.8", "", { "os": "android", "cpu": "arm64" }, "sha512-dIYTWl9XprMUiQFoc55KUyk/oS8SKYH3zFl0LTR7RT0Xj4hgSVyuJcroH8JUu8RcpF8fTB6E0aOwCkZoYPcDSQ=="],

    "@rolldown/binding-darwin-arm64": ["@rolldown/binding-darwin-arm64@1.2.8", "", { "os": "darwin", "cpu": "arm64" }, "sha512-PCSDQGXD2IyTEFrcgPyBM8jJuGmrbCMuoIOXdbEGVemruKACXoLQJrb+A45Z0L5t1RQkdfJprAYPkikbh7dzdA=="],

    "@rolldown/binding-darwin-x64": ["@rolldown/binding-darwin-x64@1.2.8", "", { "os": "darwin", "cpu": "x64" }, "sha512-Uk7lRsGhPFHVX/sAUC6D5H9Ol30dFHd6iquokll2th3LpdJ3F5CzQB+7DHn0Ri2mG+U7k2zXiPHDrwZenXhwSA=="],

    "@rolldown/binding-freebsd-x64": ["@rolldown/binding-freebsd-x64@1.2.8", "", { "os": "freebsd", "cpu": "x64" }, "sha512-DjszaTEVogPqA5bYzsEeqDCQxbcp2fexQwKcRspYji2yzR68fCf+e4fx6kBSRDwX5/brZaHw/hWS9+A/+/w9sQ=="],

    "@rolldown/binding-linux-arm-gnueabihf": ["@rolldown/binding-linux-arm-gnueabihf@1.2.8", "", { "os": "linux", "cpu": "arm" }, "sha512-zmwa7FTmdzB6aaEEuuls18H6Ap5JmJPSoPTuXixeJZV6tG40SyLkApQtz1g8ptZtiEKqj9OM0oNLPh1AgvE31Q=="],

    "@rolldown/binding-linux-arm64-gnu": ["@rolldown/binding-linux-arm64-gnu@1.2.8", "", { "os": "linux", "cpu": "arm64" }, "sha512-KdYQDPHwJVnbFwdTGMgxsI9SqblBlz6STGM+w1We/d5B8OWWidYH0MwkU/uA1wM5fIpO2MkOVxXrNzzuZhw9ew=="],

    "@rolldown/binding-linux-arm64-musl": ["@rolldown/binding-linux-arm64-musl@1.2.8", "", { "os": "linux", "cpu": "arm64" }, "sha512-jFJTifHnNPY+yzOoNZQfSIysrVyXzEQPhPnOUjmD1bcQGHH6s7c8cViKWar8YplQImE5N9JRqMCLrM2CdxOrZA=="],

    "@rolldown/binding-linux-ppc64-gnu": ["@rolldown/binding-linux-ppc64-gnu@1.2.8", "", { "os": "linux", "cpu": "ppc64" }, "sha512-FhiOziBDWPBjbcmRzfLyIJnaP7AVMFXT7YCXPjXxj7wKU3vx24RjrCNN/zjvVa+N2vVoHJwCoUBvsrN/DG3zIA=="],

    "@rolldown/binding-linux-s390x-gnu": ["@rolldown/binding-linux-s390x-gnu@1.2.8", "", { "os": "linux", "cpu": "s390x" }, "sha512-WnHfADMzOV2Y55wlx1hzzQnar/wDt/VdvWSD99r18Mz9ylNieIGOkRx3UV21h7m/eJvjySYJkO26VvGNFkwsIQ=="],

    "@rolldown/binding-linux-x64-gnu": ["@rolldown/binding-linux-x64-gnu@1.2.8", "", { "os": "linux", "cpu": "x64" }, "sha512-H9tRr5ibfXFVLxbPOseVewewFpl28zcEdjRDt2FTUZU7odxP0gEv1ki4/kGmcGOh78oRwZuuQllGLZ9zTJp84g=="],

    "@rolldown/binding-linux-x64-musl": ["@rolldown/binding-linux-x64-musl@1.2.8", "", { "os": "linux", "cpu": "x64" }, "sha512-UefiqfM3D6IVNlZ8tSGs9+Ejjud2T+oxO0IHADU45Y+lyEjD2dVFyZHbkfX0LUb5Zugo/oIv1eCO/KVYhgYJYA=="],

    "@rolldown/binding-openharmony-arm64": ["@rolldown/binding-openharmony-arm64@1.2.8", "", { "os": "none", "cpu": "arm64" }, "sha512-637Ke4kWSy6rp9cxQ9gMOXlxPgIw/c1beASV4M//3+9I4uwBVOOl74G+e3zyU3u19U7RkRl/HuewixZ/Z6+Rjg=="],

    "@rolldown/binding-win32-arm64-msvc": ["@rolldown/binding-win32-arm64-msvc@1.2.8", "", { "os": "win32", "cpu": "arm64" }, "sha512-xWBkPOF1Q9k/Gv1nQXnVdLxKu74jXppuOM4Z3mnypVUJJJwLsMl7hNJGRAUJoG8A5MgOI1ACKM+wBFxSJzKy4A=="],

    "@rolldown/binding-win32-x64-msvc": ["@rolldown/binding-win32-x64-msvc@1.2.8", "", { "os": "win32", "cpu": "x64" }, "sha512-uz2ZvfgXbxqNwijjjbxrnvALwpyODDcgc1T1N8N3rf/DXKQmaFwmB4LX4yyjggpwN2obdQLb2rgirX5ffCWYng=="],

    "@rolldown/pluginutils": ["@rolldown/pluginutils@1.0.1", "", {}, "sha512-2j9bGt5Jh8hj+vPtgzPtl72j0yRxHAyumoo6TNfAjsLB04UtpSvPbPcDcBMxz7n+9CYB0c1GxQFxYRg2jimqGw=="],

    "@types/bun": ["@types/bun@1.4.2", "", { "dependencies": { "bun-types": "1.4.2" } }, "sha512-GimotNn7+ZV0uVArItBbriZsR1oNf0+WTzPkdcFrzShI7k2norL0uzEaJT8T33dWr7O/c9ZDuAFQrctKCi72oQ=="],

    "@types/node": ["@types/node@26.0.1", "", { "dependencies": { "undici-types": "~8.3.0" } }, "sha512-fc3KiUoBt6kie0N9bIW3E47vZsuaMf0PM2AaUpLCLT0s/LvX1nxAim6Fc049cNxODPpGm6qRAuUOB86SkRuPQw=="],

    "@yuku-codegen/binding-android-arm64": ["@yuku-codegen/binding-android-arm64@0.10.1", "", { "os": "android", "cpu": "arm64" }, "sha512-gPrrNdll0mq8nXxajJupM7fNHO1lFsAal09Pxi7x+1LhbzJsjfuNXK4/aceZpzFRJJP9vHYGlyxfM059TjUFZA=="],

    "@yuku-codegen/binding-darwin-arm64": ["@yuku-codegen/binding-darwin-arm64@0.10.1", "", { "os": "darwin", "cpu": "arm64" }, "sha512-9mHoBAFN2cPd+3fDkFvs3lZ6YH8sKlpiDvIeEFio/WmZpdSt89mwkQCI9YYTFg+Bmk8ApdJpQjkPCfcCQIbIrg=="],

    "@yuku-codegen/binding-darwin-x64": ["@yuku-codegen/binding-darwin-x64@0.10.1", "", { "os": "darwin", "cpu": "x64" }, "sha512-FAYR0IH9deCOwPKjy7ZfyUx6anmYzHs5ZgO7uWrDBc1OJReFnXHyXRtwcdNvnfX9DivWslnrygOJEc5r48fgNA=="],

    "@yuku-codegen/binding-freebsd-x64": ["@yuku-codegen/binding-freebsd-x64@0.10.1", "", { "os": "freebsd", "cpu": "x64" }, "sha512-3Cj3F/WjseZ0VySADGz/Aady2APN9AjXKhpQPqhCdH9/oJBYDWisqkCYxTmZ/LDfx0Y3pIEFlI/Xu5waCTM2Gw=="],

    "@yuku-codegen/binding-linux-arm-gnu": ["@yuku-codegen/binding-linux-arm-gnu@0.10.1", "", { "os": "linux", "cpu": "arm" }, "sha512-M/G0mRg+wQ/FFzm01ItKDX7BuYm4ciAddmw2X7f8VSyr8tEkN3/ywxLpMg+1bStxxGt4t8yXbRb4k1GL+VOOsQ=="],

    "@yuku-codegen/binding-linux-arm-musl": ["@yuku-codegen/binding-linux-arm-musl@0.10.1", "", { "os": "linux", "cpu": "arm" }, "sha512-W3EuCYSRjAEvRIxYxrvMIENPE2tuv97kxLIhQ+iDW5zA3JFVKKQN5sMkpTcl2Jm4owGmovqHsSym2pEycLvrSQ=="],

    "@yuku-codegen/binding-linux-arm64-gnu": ["@yuku-codegen/binding-linux-arm64-gnu@0.10.1", "", { "os": "linux", "cpu": "arm64" }, "sha512-OChsf3dNC2gJHBdZHljYMMu3fKmkEn3EE4yoK3RWEGyQ1mGnN3UrX5aMb9lVuc2IQ2zcWrRBcyg2OAyKEBjjng=="],

    "@yuku-codegen/binding-linux-arm64-musl": ["@yuku-codegen/binding-linux-arm64-musl@0.10.1", "", { "os": "linux", "cpu": "arm64" }, "sha512-lLydRSCw5OBy2pMgRsEXBIcpNPwJ6ptZOBFwuc8dnSTk84BExr68pcbFOoi88V5smseZnJTwAedchhbUXrh5Yw=="],

    "@yuku-codegen/binding-linux-x64-gnu": ["@yuku-codegen/binding-linux-x64-gnu@0.10.1", "", { "os": "linux", "cpu": "x64" }, "sha512-9y+9pDa62qMxR9mHgvTmPvu++pk9xR02zxZUA9ZbAXUsUrr116bq4JQFuL0RHlapWHUr5hLn5oQsfmEdgVTTcA=="],

    "@yuku-codegen/binding-linux-x64-musl": ["@yuku-codegen/binding-linux-x64-musl@0.10.1", "", { "os": "linux", "cpu": "x64" }, "sha512-ZUYo+D5H2/ygiBHNCkxlq1u/SjwdQFQRIQ8KEb3IJcFmOTaq2Ns92Njm9wSLdT5r+wGNVO016Lq0184GOMeTIg=="],

    "@yuku-codegen/binding-win32-arm64": ["@yuku-codegen/binding-win32-arm64@0.10.1", "", { "os": "win32", "cpu": "arm64" }, "sha512-rFUOklerj0t4hnVMVOl8nbzB22sG2QrrqvHM/xjlGDBzFxhCj4B0NIeMOo7ahkZXOzEdhNGPvX+SzqBmOG8Hfw=="],

    "@yuku-codegen/binding-win32-x64": ["@yuku-codegen/binding-win32-x64@0.10.1", "", { "os": "win32", "cpu": "x64" }, "sha512-MPw61xikEb8s6VzG8DwtOvLh+/SIhsucBICgHd8BtJIC7zTpzdZTsp40853OFdS9UpsUY/tnRToMuTlJttv6Wg=="],

    "@yuku-parser/binding-android-arm64": ["@yuku-parser/binding-android-arm64@0.10.1", "", { "os": "android", "cpu": "arm64" }, "sha512-IPu+2W/ncueHbCT4bWjALKgFL2pAkG8+Q8yzGnVrcSJcERt5bV6QZISd7bM2MEz7pUebN39Owz7HjQGABvpHjA=="],

    "@yuku-parser/binding-darwin-arm64": ["@yuku-parser/binding-darwin-arm64@0.10.1", "", { "os": "darwin", "cpu": "arm64" }, "sha512-6mqnX0E9P9SbxYRFMWfZJPBWTnNMTsn4iUJdXJ/6iuha6Ip77T+7ncUHkXlykUl+6wtBTgyuPwT+mTJCRVTxGA=="],

    "@yuku-parser/binding-darwin-x64": ["@yuku-parser/binding-darwin-x64@0.10.1", "", { "os": "darwin", "cpu": "x64" }, "sha512-VOu4+iFde71uhjk27Mmjngbe32DlpFE8uGe4oC/dhg/P+m7bQ3f8X/9NFBGv+Ryn+g0xeggWDahMJ0s3dVLK3A=="],

    "@yuku-parser/binding-freebsd-x64": ["@yuku-parser/binding-freebsd-x64@0.10.1", "", { "os": "freebsd", "cpu": "x64" }, "sha512-c/DpeK18b2PWadTwlCtxfgof5J2lXo0LkrEDZLlCTQ/F0mdAku+bsibWlZWzTgNApzZh+RVfV1uY5Cgn8/0jZA=="],

    "@yuku-parser/binding-linux-arm-gnu": ["@yuku-parser/binding-linux-arm-gnu@0.10.1", "", { "os": "linux", "cpu": "arm" }, "sha512-SZi4oo7D5VFlwiRtUp08qNlTAwdKTr6Y+fTYBjOa6qFicfdeDfARPOHZqBjFc7h6u/Wm45LxKDyaqA2x6/lleQ=="],

    "@yuku-parser/binding-linux-arm-musl": ["@yuku-parser/binding-linux-arm-musl@0.10.1", "", { "os": "linux", "cpu": "arm" }, "sha512-i1PL1me1Z9vlcGdspegmezXld/hLBOL782Mnbz68Lwh2FOKn4Z1FPqWCoTal5HUvx7SrdxA+Wq7D7fLj2H3yXA=="],

    "@yuku-parser/binding-linux-arm64-gnu": ["@yuku-parser/binding-linux-arm64-gnu@0.10.1", "", { "os": "linux", "cpu": "arm64" }, "sha512-OGKan3pgUIEd9UqhxXgQryYV401PZIKbv/mCB5wJ97zB3wq5FBC81wNVi6ggNbDf8Gx3rV60X3zkVqWQdLMt5w=="],

    "@yuku-parser/binding-linux-arm64-musl": ["@yuku-parser/binding-linux-arm64-musl@0.10.1", "", { "os": "linux", "cpu": "arm64" }, "sha512-JNDJJ+zYkmohfSRzLwfCI3DxebJagpImdPmoRw5/wenLAnLXS27feHPcppgUyu2kb7l44hWBNObmXqZTj+149Q=="],

    "@yuku-parser/binding-linux-x64-gnu": ["@yuku-parser/binding-linux-x64-gnu@0.10.1", "", { "os": "linux", "cpu": "x64" }, "sha512-zImXKxVTcFfVihgTCBOta/eM8VM6xz4lOw/ILPuLB+dCt2j0th4O0N7RS2s/F7UjJlkqL2tEooUWgovA6sTq2g=="],

    "@yuku-parser/binding-linux-x64-musl": ["@yuku-parser/binding-linux-x64-musl@0.10.1", "", { "os": "linux", "cpu": "x64" }, "sha512-Q/9qDsxfggpWLlJlJohFOuHQ6unml5W7cVO4T51IFpLQMCsWNWKGpC25eEVvr8YA7hjnNiDfpoCLQrTE5tN0vQ=="],

    "@yuku-parser/binding-win32-arm64": ["@yuku-parser/binding-win32-arm64@0.10.1", "", { "os": "win32", "cpu": "arm64" }, "sha512-VihiI9md+Z7f6tDZCJZhNpgJoY3mqwil3b2aRZ3PjX4TyXj2EBTWQvBkFLKbTBAT9lNeTgz+W0uvDNWEbbG1KA=="],

    "@yuku-parser/binding-win32-x64": ["@yuku-parser/binding-win32-x64@0.10.1", "", { "os": "win32", "cpu": "x64" }, "sha512-edaR29QCjNq7hJiHGF/VsIVh6uHkIuahdP6lLo7wDgyYTNT5IvgWcO9Wfmv00Y5IO0Q3g+ngQhu+pxVbtGRgKA=="],

    "@yuku-toolchain/types": ["@yuku-toolchain/types@0.10.1", "", {}, "sha512-nZqE/tf118GLFyuPDD68u3Sal9f2w/bS9s2f+UvS9W+31BuZ9EW4xcOVIhZtJcvUSpdBYL3gJVXV6ky2gxuDgg=="],

    "awilix": ["awilix@13.0.5", "", { "dependencies": { "fast-glob": "^3.3.3" } }, "sha512-ORtca6suBdYA1FyTzqHEZDvEuUwo3lPDDBRm7GrzHgi6STESzJKdBtpqfTzObdMj1NGQUWX6k26E3EbQaGJX5Q=="],

    "braces": ["braces@3.0.3", "", { "dependencies": { "fill-range": "^7.1.1" } }, "sha512-yQbXgO/OSZVD2IsiLlro+7Hf6Q18EJrKSEsdoMzKePKXct3gvD8oLcOQdIzGupr5Fj+EDe8gO/lxc1BzfMpxvA=="],

    "bun-types": ["bun-types@1.4.2", "", { "dependencies": { "@types/node": "*" } }, "sha512-bxV1FgK7yBIzjRe5zBozIM4Bem11ZJcCXSrjWRG3YWLt8yFDePu4cLjpebO8OvPeIE9trbyPF4fuj3Cia4Fj3w=="],

    "cac": ["cac@7.0.0", "", {}, "sha512-tixWYgm5ZoOD+3g6UTea91eow5z6AAHaho3g0V9CNSNb45gM8SmflpAc+GRd1InC4AqN/07Unrgp56Y94N9hJQ=="],

    "cjs-module-lexer": ["cjs-module-lexer@1.4.3", "", {}, "sha512-9z8TZaGM1pfswYeXrUpzPrkx8UnWYdhJclsiYMm6x/w5+nN+8Tf/LnAgfLGQCm59qAOxU8WwHEq2vNwF6i4j+Q=="],

    "defu": ["defu@6.1.7", "", {}, "sha512-7z22QmUWiQ/2d0KkdYmANbRUVABpZ9SNYyH5vx6PZ+nE5bcC0l7uFvEfHlyld/HcGBFTL536ClDt3DEcSlEJAQ=="],

    "di-craft": ["di-craft@file:../packages/di-craft", { "devDependencies": { "@arethetypeswrong/core": "0.18.5", "@types/bun": "1.4.2", "@types/node": "26.0.1", "publint": "0.3.24", "tsdown": "0.23.0", "typescript": "6.0.3" } }],

    "dts-resolver": ["dts-resolver@3.0.0", "", { "peerDependencies": { "oxc-resolver": ">=11.0.0" }, "optionalPeers": ["oxc-resolver"] }, "sha512-1T1f+z+4tl9XD+m+0HBgWoL/nm0bOIffyWaUuUSBlFg/86IWvfx+wjNaO/ybU0AJzG9/Mi5hBUgGV6zCmWEN7Q=="],

    "empathic": ["empathic@2.0.1", "", {}, "sha512-YGRs8knHhKHVShLkFET/rWAU8kmHbOV5LwN938RHI0pljAJ1Gf6SzXsSmRaEzcXTtOOmVqJ5+WtQPL5uigY50Q=="],

    "fast-glob": ["fast-glob@3.3.3", "", { "dependencies": { "@nodelib/fs.stat": "^2.0.2", "@nodelib/fs.walk": "^1.2.3", "glob-parent": "^5.1.2", "merge2": "^1.3.0", "micromatch": "^4.0.8" } }, "sha512-7MptL8U0cqcFdzIzwOTHoilX9x5BrNqye7Z/LuC7kCMRio1EMSyqRK3BEAUD7sXRq4iT4AzTVuZdhgQ2TCvYLg=="],

    "fastq": ["fastq@1.20.3", "", { "dependencies": { "reusify": "^1.0.4" } }, "sha512-XKv5nnLs6nLF71NgiKJLIZFLkPyIEuOselLG7ujZnGrRfQK8HpvY+WqKhAJUAdLomwVHErVS4LfxFlPq0/FTAw=="],

    "fdir": ["fdir@6.5.0", "", { "peerDependencies": { "picomatch": "^3 || ^4" }, "optionalPeers": ["picomatch"] }, "sha512-tIbYtZbucOs0BRGqPJkshJUYdL+SDH7dVM8gjy+ERp3WAUjLEFJE+02kanyHtwjWOnwrKYBiwAmM0p4kLJAnXg=="],

    "fflate": ["fflate@0.8.3", "", {}, "sha512-tbZNuJrLwGUp3zshBtdy4W+ORxZuIh8a5ilyIEQDC5rY1f3U20JMry0Ll3WBzU58EZKsEuJFXhb5gwv8CsPvgA=="],

    "fill-range": ["fill-range@7.1.1", "", { "dependencies": { "to-regex-range": "^5.0.1" } }, "sha512-YsGpe3WHLK8ZYi4tWDg2Jy3ebRz2rXowDxnld4bkQB00cc/1Zw9AWnC0i9ztDJitivtQvaI9KaLyKrc+hBW0yg=="],

    "get-tsconfig": ["get-tsconfig@5.0.0-beta.6", "", { "dependencies": { "resolve-pkg-maps": "^1.0.0" } }, "sha512-X6fBC0pmImC70gvX2zm56go9hx0MyoGVdG0tUCkg/D+Xnh5TJsOZ7iDbOdI3PvmtrDxnu1YdDufpK2QJX1Meqw=="],

    "glob-parent": ["glob-parent@5.1.2", "", { "dependencies": { "is-glob": "^4.0.1" } }, "sha512-AOIgSQCepiJYwP3ARnGx+5VnTu2HBYdzbGP45eLw1vr3zB3vZLeyed1sC9hnbcOc9/SrMyM5RPQrkGz4aS9Zow=="],

    "hookable": ["hookable@6.1.1", "", {}, "sha512-U9LYDy1CwhMCnprUfeAZWZGByVbhd54hwepegYTK7Pi5NvqEj63ifz5z+xukznehT7i6NIZRu89Ay1AZmRsLEQ=="],

    "import-without-cache": ["import-without-cache@0.4.0", "", {}, "sha512-NkJQA7oZ4YHQhd2+H3BoRFKF3d/XNsiKpHZCQEMH9pDX27hQQLsTyOocyRgaIVtf8gHX3Nt3LPkR4e5EdtPAGQ=="],

    "inversify": ["inversify@8.2.3", "", { "dependencies": { "@inversifyjs/common": "2.0.1", "@inversifyjs/container": "3.1.3", "@inversifyjs/core": "15.0.1" } }, "sha512-OmTj/HB/lEV6WFaeHXBDXdUYWwtadF8QTbyEKT7LUZMzOkw5xF+Nrm1GTjIhBOrAUN4K65vtqKgxRWlSHzQH7w=="],

    "is-extglob": ["is-extglob@2.1.1", "", {}, "sha512-SbKbANkN603Vi4jEZv49LeVJMn4yGwsbzZworEoyEiutsN3nJYdbO36zfhGJ6QEDpOZIFkDtnq5JRxmvl3jsoQ=="],

    "is-glob": ["is-glob@4.0.3", "", { "dependencies": { "is-extglob": "^2.1.1" } }, "sha512-xelSayHH36ZgE7ZWhli7pW34hNbNl8Ojv5KVmkJD4hBdD3th8Tfk9vYasLM+mXWOZhFkgZfxhLSnrwRr4elSSg=="],

    "is-number": ["is-number@7.0.0", "", {}, "sha512-41Cifkg6e8TylSpdtTpeLVMqvSBEVzTttHvERD741+pnZ8ANv0004MRL43QKPDlK9cGvNp6NZWZUBlbGXYxxng=="],

    "lru-cache": ["lru-cache@11.5.2", "", {}, "sha512-4pfM1Ff0x50o0tQwb5ucw/RzNyD0/YJME6IVcStalZuMWxdt3sR3huStTtxz4PUmvZfRguvDejasvQ2kifR11g=="],

    "merge2": ["merge2@1.4.1", "", {}, "sha512-8q7VEgMJW4J8tcfVPy8g09NcQwZdbwFEqhe/WZkoIzjn/3TGDwtOCYtXGxA3O8tPzpczCCDgv+P2P5y00ZJOOg=="],

    "micromatch": ["micromatch@4.0.8", "", { "dependencies": { "braces": "^3.0.3", "picomatch": "^2.3.1" } }, "sha512-PXwfBhYu0hBCPw8Dn0E+WDYb7af3dSLVWKi3HGv84IdF4TyFoC0ysxFd0Goxw7nSv4T/PzEJQxsYsEiFCKo2BA=="],

    "mri": ["mri@1.2.0", "", {}, "sha512-tzzskb3bG8LvYGFF/mDTpq3jpI6Q9wc3LEmBaghu+DdCssd1FakN7Bc0hVNmEyGq1bq3RgfkCb3cmQLpNPOroA=="],

    "obug": ["obug@2.2.1", "", {}, "sha512-XrsrhT5sybtKI6wakr2SPOlGZWWYbUXZ7a0jT8/QOeAPau+1X/bSegNe5YR75oJmEZQbKningirmGOEJCIk61Q=="],

    "package-manager-detector": ["package-manager-detector@1.8.0", "", {}, "sha512-yQA4H19AmPEoMUeavPMDIe1higySl/gH/yaQrkT/s07Qp+7pp2hYz30N3z2l5BkjVkF9Ow6o0wjJamm2y7Sn0A=="],

    "picocolors": ["picocolors@1.1.1", "", {}, "sha512-xceH2snhtb5M9liqDsmEw56le376mTZkEX/jEb/RxNFyegNul7eNslCXP9FDj/Lcu0X8KEyMceP2ntpaHrDEVA=="],

    "picomatch": ["picomatch@4.0.7", "", {}, "sha512-qcJu88Q2IWqJsDD529JKMdwGm/dvInW4HvQnRwiH9JtihJvzGOscDtHE3x1pBKeUOTysQ8kVmLnJ2kJu7yhcGA=="],

    "publint": ["publint@0.3.24", "", { "dependencies": { "@publint/pack": "^0.1.7", "package-manager-detector": "^1.8.0", "picocolors": "^1.1.1", "sade": "^1.8.1" }, "bin": { "publint": "./src/cli.js" } }, "sha512-9zS56KrKBoqi5Qt8h92uMP8TTM9AYZSgnmCo4u2priMqkOZvQnTsziZ2p5LJ2ywbYkAjoCDp2jda9u4cgFefIw=="],

    "quansync": ["quansync@1.0.0", "", {}, "sha512-5xZacEEufv3HSTPQuchrvV6soaiACMFnq1H8wkVioctoH3TRha9Sz66lOxRwPK/qZj7HPiSveih9yAyh98gvqA=="],

    "queue-microtask": ["queue-microtask@1.2.3", "", {}, "sha512-NuaNSa6flKT5JaSYQzJok04JzTL1CA6aGhv5rfLW3PgqA+M2ChpZQnAC8h8i4ZFkBS8X5RqkDBHA7r4hej3K9A=="],

    "reflect-metadata": ["reflect-metadata@0.2.2", "", {}, "sha512-urBwgfrvVP/eAyXx4hluJivBKzuEbSQs9rKWCrCkbSxNv8mxPcUZKeuoF3Uy4mJl3Lwprp6yy5/39VWigZ4K6Q=="],

    "resolve-pkg-maps": ["resolve-pkg-maps@1.0.0", "", {}, "sha512-seS2Tj26TBVOC2NIc2rOe2y2ZO7efxITtLZcGSOnHHNOQ7CkiUBfw0Iw2ck6xkIhPwLhKNLS8BO+hEpngQlqzw=="],

    "reusify": ["reusify@1.1.0", "", {}, "sha512-g6QUff04oZpHs0eG5p83rFLhHeV00ug/Yf9nZM6fLeUrPguBTkTQOdpAWWspMh55TZfVQDPaN3NQJfbVRAxdIw=="],

    "rolldown": ["rolldown@1.2.8", "", { "dependencies": { "@oxc-project/types": "=0.149.0", "@rolldown/pluginutils": "^1.0.0" }, "optionalDependencies": { "@rolldown/binding-android-arm-eabi": "1.2.8", "@rolldown/binding-android-arm64": "1.2.8", "@rolldown/binding-darwin-arm64": "1.2.8", "@rolldown/binding-darwin-x64": "1.2.8", "@rolldown/binding-freebsd-x64": "1.2.8", "@rolldown/binding-linux-arm-gnueabihf": "1.2.8", "@rolldown/binding-linux-arm64-gnu": "1.2.8", "@rolldown/binding-linux-arm64-musl": "1.2.8", "@rolldown/binding-linux-ppc64-gnu": "1.2.8", "@rolldown/binding-linux-s390x-gnu": "1.2.8", "@rolldown/binding-linux-x64-gnu": "1.2.8", "@rolldown/binding-linux-x64-musl": "1.2.8", "@rolldown/binding-openharmony-arm64": "1.2.8", "@rolldown/binding-win32-arm64-msvc": "1.2.8", "@rolldown/binding-win32-x64-msvc": "1.2.8" }, "bin": { "rolldown": "./bin/cli.mjs" } }, "sha512-Z67nTmhZe7anqnM/EjI392w5i/ANUinjip7QYsOyN37oayduxt3ksdX0hf5OOamkAd53BiIHfbfSzfUmzKFQqQ=="],

    "rolldown-plugin-dts": ["rolldown-plugin-dts@0.28.6", "", { "dependencies": { "dts-resolver": "^3.0.0", "get-tsconfig": "5.0.0-beta.6", "obug": "^3.0.0", "yuku-ast": "^0.10.1", "yuku-codegen": "^0.10.1", "yuku-parser": "^0.10.1" }, "peerDependencies": { "@typescript/native-preview": "*", "@volar/typescript": "~2.4.0", "@vue/language-core": "~3.2.0 || ~3.3.0", "rolldown": "^1.2.0", "typescript": "^5.0.0 || ^6.0.0 || ~7.0.0", "vue-tsc": "~3.2.0 || ~3.3.0" }, "optionalPeers": ["@typescript/native-preview", "@volar/typescript", "@vue/language-core", "typescript", "vue-tsc"] }, "sha512-qKrFtBfRfR2hP233m7Ic9zf3wv6MSYdZghWKMdEO6dRYZGlNfINJAa1P5ZVvyHh3mrcd7IJQvIY8L9vnm+v5rQ=="],

    "run-parallel": ["run-parallel@1.2.0", "", { "dependencies": { "queue-microtask": "^1.2.2" } }, "sha512-5l4VyZR86LZ/lDxZTR6jqL8AFE2S0IFLMP26AbjsLVADxHdhB/c0GUsH+y39UfCi3dzz8OlQuPmnaJOMoDHQBA=="],

    "sade": ["sade@1.8.1", "", { "dependencies": { "mri": "^1.1.0" } }, "sha512-xal3CZX1Xlo/k4ApwCFrHVACi9fBqJ7V+mwhBsuf/1IOKbBy098Fex+Wa/5QMubw09pSZ/u8EY8PWgevJsXp1A=="],

    "semver": ["semver@7.8.5", "", { "bin": { "semver": "bin/semver.js" } }, "sha512-Y7/KDsb8LjooZpwaqGyulO6DQlksgCncchHGk+sZIY4SBvUocMBEFH5Ur1fI4dV+Jvl0w6cjvucaIi40puRioA=="],

    "tinybench": ["tinybench@2.9.0", "", {}, "sha512-0+DUvqWMValLmha6lr4kD8iAMK1HzV0/aKnCtWb9v9641TnP/MFb7Pc2bxoxQjTXAErryXVgUOfv2YqNllqGeg=="],

    "tinyexec": ["tinyexec@1.3.1", "", {}, "sha512-GCvB3aoys96IuDFBMcTB46JOR6mdMtAToqwiW8JlWhsoh1mhHi/xn9ss/Dg7N555GiJyEt2qzoG/NHCwM6h1EA=="],

    "tinyglobby": ["tinyglobby@0.2.17", "", { "dependencies": { "fdir": "^6.5.0", "picomatch": "^4.0.4" } }, "sha512-wXR/dYpcqKmfWpEdZjiKJOwCNFndD0DMnrW/cYjVGttEkBfVgcLFHoNrlj47mjOVic9yyNu65alsgF4NQyTa2g=="],

    "to-regex-range": ["to-regex-range@5.0.1", "", { "dependencies": { "is-number": "^7.0.0" } }, "sha512-65P7iz6X5yEr1cwcgvQxbbIw7Uk3gOy5dIdtZ4rDveLqhrdJP+Li/Hx6tyK0NEb+2GCyneCMJiGqrADCSNk8sQ=="],

    "tree-kill": ["tree-kill@1.2.2", "", { "bin": { "tree-kill": "cli.js" } }, "sha512-L0Orpi8qGpRG//Nd+H90vFB+3iHnue1zSSGmNOOCh1GLJ7rUKVwV2HvijphGQS2UmhUZewS9VgvxYIdgr+fG1A=="],

    "tsdown": ["tsdown@0.23.0", "", { "dependencies": { "cac": "^7.0.0", "defu": "^6.1.7", "empathic": "^2.0.1", "hookable": "^6.1.1", "import-without-cache": "^0.4.0", "obug": "^2.1.4", "picomatch": "^4.0.7", "rolldown": "~1.2.7", "rolldown-plugin-dts": "^0.28.5", "tinyexec": "^1.3.1", "tinyglobby": "^0.2.17", "tree-kill": "^1.2.2", "unconfig-core": "^7.5.0", "verkit": "^0.4.0" }, "peerDependencies": { "@arethetypeswrong/core": "^0.18.1", "@tsdown/css": "0.23.0", "@tsdown/exe": "0.23.0", "@vitejs/devtools": "*", "publint": "^0.3.8", "tsx": "*", "typescript": "^5.0.0 || ^6.0.0 || ^7.0.0", "unplugin-unused": ">=0.5.0", "unrun": "*" }, "optionalPeers": ["@arethetypeswrong/core", "@tsdown/css", "@tsdown/exe", "@vitejs/devtools", "publint", "tsx", "typescript", "unplugin-unused", "unrun"], "bin": { "tsdown": "./dist/run.mjs" } }, "sha512-BaT+ep1xnj5hdyICLd5r5SYYE+TXnI1ATePLykv9vcKpHpFTWUWRH+x1AF/E2qcu3YB6+vI8IdyxIIIffEqw5Q=="],

    "tslib": ["tslib@1.14.1", "", {}, "sha512-Xni35NKzjgMrwevysHTCArtLDpPvye8zV/0E4EyYn43P7/7qvQwPh9BGkHewbMulVntbigmcT7rdX3BNo9wRJg=="],

    "tsyringe": ["tsyringe@4.10.0", "", { "dependencies": { "tslib": "^1.9.3" } }, "sha512-axr3IdNuVIxnaK5XGEUFTu3YmAQ6lllgrvqfEoR16g/HGnYY/6We4oWENtAnzK6/LpJ2ur9PAb80RBt7/U4ugw=="],

    "typed-inject": ["typed-inject@5.0.0", "", {}, "sha512-0Ql2ORqBORLMdAW89TQKZsb1PQkFGImFfVmncXWe7a+AA3+7dh7Se9exxZowH4kbnlvKEFkMxUYdHUpjYWFJaA=="],

    "typedi": ["typedi@0.10.0", "", {}, "sha512-v3UJF8xm68BBj6AF4oQML3ikrfK2c9EmZUyLOfShpJuItAqVBHWP/KtpGinkSsIiP6EZyyb6Z3NXyW9dgS9X1w=="],

    "typescript": ["typescript@6.0.3", "", { "bin": { "tsc": "bin/tsc", "tsserver": "bin/tsserver" } }, "sha512-y2TvuxSZPDyQakkFRPZHKFm+KKVqIisdg9/CZwm9ftvKXLP8NRWj38/ODjNbr43SsoXqNuAisEf1GdCxqWcdBw=="],

    "unconfig-core": ["unconfig-core@7.5.0", "", { "dependencies": { "@quansync/fs": "^1.0.0", "quansync": "^1.0.0" } }, "sha512-Su3FauozOGP44ZmKdHy2oE6LPjk51M/TRRjHv2HNCWiDvfvCoxC2lno6jevMA91MYAdCdwP05QnWdWpSbncX/w=="],

    "undici-types": ["undici-types@8.3.0", "", {}, "sha512-j375ScV60dom+YkPFIfTLcOiPxkN/buHz5GobjLhixFuANaNs3C9l4GmrWqejgXWJ7BbJcFYpTEUkS1Ge8bpZQ=="],

    "validate-npm-package-name": ["validate-npm-package-name@5.0.1", "", {}, "sha512-OljLrQ9SQdOUqTaQxqL5dEfZWrXExyyWsozYlAWFawPVNuD83igl7uJD2RTkNMbniIYgt8l81eCJGIdQF7avLQ=="],

    "verkit": ["verkit@0.4.0", "", {}, "sha512-sXMwN6DMHeouPfCxkxWkKAmxphWKEenHYY5H1nIBzU3PmDsmJp6kBXJdshjVdpMZuWCmL9SH7KFRx29AylpP6g=="],

    "yuku-ast": ["yuku-ast@0.10.1", "", { "dependencies": { "@yuku-toolchain/types": "^0.10.1" } }, "sha512-uxQ9wMKPfFmKXwCwrcYUnp8xQ6HltLN3ifzBZfjgoACu9sQrxlqiyibeINSqR3VNoHPJMkUmD69hWOoO5TUqtQ=="],

    "yuku-codegen": ["yuku-codegen@0.10.1", "", { "dependencies": { "@yuku-toolchain/types": "^0.10.1" }, "optionalDependencies": { "@yuku-codegen/binding-android-arm64": "0.10.1", "@yuku-codegen/binding-darwin-arm64": "0.10.1", "@yuku-codegen/binding-darwin-x64": "0.10.1", "@yuku-codegen/binding-freebsd-x64": "0.10.1", "@yuku-codegen/binding-linux-arm-gnu": "0.10.1", "@yuku-codegen/binding-linux-arm-musl": "0.10.1", "@yuku-codegen/binding-linux-arm64-gnu": "0.10.1", "@yuku-codegen/binding-linux-arm64-musl": "0.10.1", "@yuku-codegen/binding-linux-x64-gnu": "0.10.1", "@yuku-codegen/binding-linux-x64-musl": "0.10.1", "@yuku-codegen/binding-win32-arm64": "0.10.1", "@yuku-codegen/binding-win32-x64": "0.10.1" } }, "sha512-Ramd3+Na5oMeb4sed7DzVtBjjYowlcGsD3Tgn73830Y+z7UKPT/Sory708oPxiUvlt2D7rrKGSA3JHiaBtkEBA=="],

    "yuku-parser": ["yuku-parser@0.10.1", "", { "dependencies": { "@yuku-toolchain/types": "^0.10.1", "yuku-ast": "^0.10.1" }, "optionalDependencies": { "@yuku-parser/binding-android-arm64": "0.10.1", "@yuku-parser/binding-darwin-arm64": "0.10.1", "@yuku-parser/binding-darwin-x64": "0.10.1", "@yuku-parser/binding-freebsd-x64": "0.10.1", "@yuku-parser/binding-linux-arm-gnu": "0.10.1", "@yuku-parser/binding-linux-arm-musl": "0.10.1", "@yuku-parser/binding-linux-arm64-gnu": "0.10.1", "@yuku-parser/binding-linux-arm64-musl": "0.10.1", "@yuku-parser/binding-linux-x64-gnu": "0.10.1", "@yuku-parser/binding-linux-x64-musl": "0.10.1", "@yuku-parser/binding-win32-arm64": "0.10.1", "@yuku-parser/binding-win32-x64": "0.10.1" } }, "sha512-c2rfzmcMHIKBxoHlIsJ20UHqi6IjGJxLGobqKtmsCegWW+eMcgPtqtk731J5rMFxyrRu0ZeTQThcwgrkmmRAHg=="],

    "@arethetypeswrong/core/typescript": ["typescript@5.6.1-rc", "", { "bin": { "tsc": "bin/tsc", "tsserver": "bin/tsserver" } }, "sha512-E3b2+1zEFu84jB0YQi9BORDjz9+jGbwwy1Zi3G0LUNw7a7cePUrHMRNy8aPh53nXpkFGVHSxIZo5vKTfYaFiBQ=="],

    "micromatch/picomatch": ["picomatch@2.3.2", "", {}, "sha512-V7+vQEJ06Z+c5tSye8S+nHUfI51xoXIXjHQ99cQtKUkQqqO1kO/KCJUfZXuB47h/YBlDhah2H3hdUGXn8ie0oA=="],

    "rolldown-plugin-dts/obug": ["obug@3.0.0", "", {}, "sha512-5vvB5+W7ePv+p3uqxi+RcW1XAzLW0/hxt3/4X4Lc4qHudzOhmBiBwOY6DRob4WnanAEGvNcLjF+KNOufrUoEQw=="],
  }
}
